
Microsoft Visual Studio Solution File, Format Version 12.00
# Visual Studio Version 17
VisualStudioVersion = 17.14.36202.13 d17.14
MinimumVisualStudioVersion = 10.0.40219.1
Project("{FAE04EC0-301F-11D3-BF4B-00C04F79EFBC}") = "Zip", "Zip\Zip.csproj", "{097DE067-ABDB-3A99-C29C-56B5D0E62DFD}"
EndProject
Project("{FAE04EC0-301F-11D3-BF4B-00C04F79EFBC}") = "OrderedDictionary", "OrderedDictionary\OrderedDictionary.csproj", "{D83835EB-064E-F741-9F3F-B1F54B976F76}"
EndProject
Global
	GlobalSection(SolutionConfigurationPlatforms) = preSolution
		Debug|Any CPU = Debug|Any CPU
		Release|Any CPU = Release|Any CPU
	EndGlobalSection
	GlobalSection(ProjectConfigurationPlatforms) = postSolution
		{097DE067-ABDB-3A99-C29C-56B5D0E62DFD}.Debug|Any CPU.ActiveCfg = Debug|Any CPU
		{097DE067-ABDB-3A99-C29C-56B5D0E62DFD}.Debug|Any CPU.Build.0 = Debug|Any CPU
		{097DE067-ABDB-3A99-C29C-56B5D0E62DFD}.Release|Any CPU.ActiveCfg = Release|Any CPU
		{097DE067-ABDB-3A99-C29C-56B5D0E62DFD}.Release|Any CPU.Build.0 = Release|Any CPU
		{D83835EB-064E-F741-9F3F-B1F54B976F76}.Debug|Any CPU.ActiveCfg = Debug|Any CPU
		{D83835EB-064E-F741-9F3F-B1F54B976F76}.Debug|Any CPU.Build.0 = Debug|Any CPU
		{D83835EB-064E-F741-9F3F-B1F54B976F76}.Release|Any CPU.ActiveCfg = Release|Any CPU
		{D83835EB-064E-F741-9F3F-B1F54B976F76}.Release|Any CPU.Build.0 = Release|Any CPU
	EndGlobalSection
	GlobalSection(SolutionProperties) = preSolution
		HideSolutionNode = FALSE
	EndGlobalSection
	GlobalSection(ExtensibilityGlobals) = postSolution
		SolutionGuid = {35A3A616-FA1E-4479-9044-6B5C8894E2F7}
	EndGlobalSection
EndGlobal
