
Microsoft Visual Studio Solution File, Format Version 12.00
# Visual Studio Version 17
VisualStudioVersion = 17.2.32519.379
MinimumVisualStudioVersion = 10.0.40219.1
Project("{9A19103F-16F7-4668-BE54-9A1E7A4F7556}") = "TextureFX", "TextureFX\TextureFX.csproj", "{1454A620-EF60-46F8-92EB-7D87324F2811}"
EndProject
Project("{9A19103F-16F7-4668-BE54-9A1E7A4F7556}") = "WedgeSphereMesh", "WedgeSphereMesh\WedgeSphereMesh.csproj", "{61E4BF4E-933A-44D2-901E-D2C400952B24}"
EndProject
Project("{9A19103F-16F7-4668-BE54-9A1E7A4F7556}") = "BlendStateEnum", "BlendStateEnum\BlendStateEnum.csproj", "{C523284D-8A20-42EF-98AA-DE4D8A151ED1}"
EndProject
Project("{9A19103F-16F7-4668-BE54-9A1E7A4F7556}") = "Stride.Input.ControllerDeviceEnum", "Stride.Input.ControllerDeviceEnum\Stride.Input.ControllerDeviceEnum.csproj", "{69DBFDD0-B837-4CCD-A3C9-561E135C9DD9}"
EndProject
Global
	GlobalSection(SolutionConfigurationPlatforms) = preSolution
		Debug|Any CPU = Debug|Any CPU
		Release|Any CPU = Release|Any CPU
	EndGlobalSection
	GlobalSection(ProjectConfigurationPlatforms) = postSolution
		{1454A620-EF60-46F8-92EB-7D87324F2811}.Debug|Any CPU.ActiveCfg = Debug|Any CPU
		{1454A620-EF60-46F8-92EB-7D87324F2811}.Debug|Any CPU.Build.0 = Debug|Any CPU
		{1454A620-EF60-46F8-92EB-7D87324F2811}.Release|Any CPU.ActiveCfg = Release|Any CPU
		{1454A620-EF60-46F8-92EB-7D87324F2811}.Release|Any CPU.Build.0 = Release|Any CPU
		{61E4BF4E-933A-44D2-901E-D2C400952B24}.Debug|Any CPU.ActiveCfg = Debug|Any CPU
		{61E4BF4E-933A-44D2-901E-D2C400952B24}.Debug|Any CPU.Build.0 = Debug|Any CPU
		{61E4BF4E-933A-44D2-901E-D2C400952B24}.Release|Any CPU.ActiveCfg = Release|Any CPU
		{61E4BF4E-933A-44D2-901E-D2C400952B24}.Release|Any CPU.Build.0 = Release|Any CPU
		{C523284D-8A20-42EF-98AA-DE4D8A151ED1}.Debug|Any CPU.ActiveCfg = Debug|Any CPU
		{C523284D-8A20-42EF-98AA-DE4D8A151ED1}.Debug|Any CPU.Build.0 = Debug|Any CPU
		{C523284D-8A20-42EF-98AA-DE4D8A151ED1}.Release|Any CPU.ActiveCfg = Release|Any CPU
		{C523284D-8A20-42EF-98AA-DE4D8A151ED1}.Release|Any CPU.Build.0 = Release|Any CPU
		{69DBFDD0-B837-4CCD-A3C9-561E135C9DD9}.Debug|Any CPU.ActiveCfg = Debug|Any CPU
		{69DBFDD0-B837-4CCD-A3C9-561E135C9DD9}.Debug|Any CPU.Build.0 = Debug|Any CPU
		{69DBFDD0-B837-4CCD-A3C9-561E135C9DD9}.Release|Any CPU.ActiveCfg = Release|Any CPU
		{69DBFDD0-B837-4CCD-A3C9-561E135C9DD9}.Release|Any CPU.Build.0 = Release|Any CPU
	EndGlobalSection
	GlobalSection(SolutionProperties) = preSolution
		HideSolutionNode = FALSE
	EndGlobalSection
	GlobalSection(ExtensibilityGlobals) = postSolution
		SolutionGuid = {C3B7AC2E-71C7-4ED7-A7C9-04A5AC0F0F42}
	EndGlobalSection
EndGlobal
