
Microsoft Visual Studio Solution File, Format Version 12.00
# Visual Studio Version 17
VisualStudioVersion = 17.5.33530.505
MinimumVisualStudioVersion = 10.0.40219.1
Project("{9A19103F-16F7-4668-BE54-9A1E7A4F7556}") = "EditShaders", "EditShaders.csproj", "{A6E4858A-CDF7-4384-8FF3-3CFE59E8EEC4}"
EndProject
Project("{2150E333-8FDC-42A3-9474-1A3956D46DE8}") = "ColorManipulation", "ColorManipulation", "{5B49273C-3ED9-4AC2-BB84-BC1D1018B544}"
	ProjectSection(SolutionItems) = preProject
		..\shaders\ColorMatrixOperations.sdsl = ..\shaders\ColorMatrixOperations.sdsl
		..\shaders\ColorMatrix_Advanced_ShaderFX.sdsl = ..\shaders\ColorMatrix_Advanced_ShaderFX.sdsl
		..\shaders\ColorMatrix_Advanced_TextureFX.sdsl = ..\shaders\ColorMatrix_Advanced_TextureFX.sdsl
		..\shaders\InvertOperations.sdsl = ..\shaders\InvertOperations.sdsl
		..\shaders\Invert_Advanced_ShaderFX.sdsl = ..\shaders\Invert_Advanced_ShaderFX.sdsl
		..\shaders\Invert_Advanced_TextureFX.sdsl = ..\shaders\Invert_Advanced_TextureFX.sdsl
		..\shaders\TransformColor_Advanced_ShaderFX.sdsl = ..\shaders\TransformColor_Advanced_ShaderFX.sdsl
		..\shaders\TransformColor_Advanced_TextureFX.sdsl = ..\shaders\TransformColor_Advanced_TextureFX.sdsl
	EndProjectSection
EndProject
Project("{2150E333-8FDC-42A3-9474-1A3956D46DE8}") = "Mixers", "Mixers", "{0AF81ED4-DB8E-4CB2-8780-70FB2ABDE64D}"
	ProjectSection(SolutionItems) = preProject
		..\shaders\BlendOperations.sdsl = ..\shaders\BlendOperations.sdsl
		..\shaders\Blend_Advanced_TextureFX.sdsl = ..\shaders\Blend_Advanced_TextureFX.sdsl
	EndProjectSection
EndProject
Project("{2150E333-8FDC-42A3-9474-1A3956D46DE8}") = "Filters", "Filters", "{BC11F5CA-01ED-4DAB-A665-38F33D7EF70C}"
EndProject
Project("{2150E333-8FDC-42A3-9474-1A3956D46DE8}") = "Sources", "Sources", "{69ED90A3-6EE8-4330-B335-4E949278620D}"
EndProject
Project("{2150E333-8FDC-42A3-9474-1A3956D46DE8}") = "Utils", "Utils", "{51E5E878-BA02-4602-8FE5-D8C57B56ABBB}"
	ProjectSection(SolutionItems) = preProject
		..\shaders\AddonShaderUtils.sdsl = ..\shaders\AddonShaderUtils.sdsl
		..\shaders\ColorMap_Advanced_ShaderFX.sdsl = ..\shaders\ColorMap_Advanced_ShaderFX.sdsl
		..\shaders\ColorUtilityTemp.sdsl = ..\shaders\ColorUtilityTemp.sdsl
		..\shaders\ValueMap_Advanced_ShaderFX.sdsl = ..\shaders\ValueMap_Advanced_ShaderFX.sdsl
	EndProjectSection
EndProject
Project("{2150E333-8FDC-42A3-9474-1A3956D46DE8}") = "Spread", "Spread", "{2EE430B2-36A8-428F-8B82-A03D46FE71C1}"
	ProjectSection(SolutionItems) = preProject
		..\shaders\CircleSpreadSampling_TextureFX.sdsl = ..\shaders\CircleSpreadSampling_TextureFX.sdsl
		..\shaders\RandomSpreadSampling_TextureFX.sdsl = ..\shaders\RandomSpreadSampling_TextureFX.sdsl
	EndProjectSection
EndProject
Project("{2150E333-8FDC-42A3-9474-1A3956D46DE8}") = "Blurs", "Blurs", "{208FDE1D-9AED-49F0-A3E4-0D67313995A6}"
EndProject
Project("{2150E333-8FDC-42A3-9474-1A3956D46DE8}") = "Distortion", "Distortion", "{C878CA96-1098-4FCE-9079-C28E30A88A3B}"
	ProjectSection(SolutionItems) = preProject
		..\shaders\AngularFlow_TextureFX.sdsl = ..\shaders\AngularFlow_TextureFX.sdsl
		..\shaders\DisplaceChannel_Advanced_TextureFX.sdsl = ..\shaders\DisplaceChannel_Advanced_TextureFX.sdsl
		..\shaders\DisplaceWarp_Advanced_TextureFX.sdsl = ..\shaders\DisplaceWarp_Advanced_TextureFX.sdsl
		..\shaders\Undistort_Advanced_TextureFX.sdsl = ..\shaders\Undistort_Advanced_TextureFX.sdsl
	EndProjectSection
EndProject
Project("{2150E333-8FDC-42A3-9474-1A3956D46DE8}") = "Rendering", "Rendering", "{AA066FA6-1627-477D-9C28-7B2C1107DD8E}"
	ProjectSection(SolutionItems) = preProject
		..\shaders\Bump_Advanced_TextureFX.sdsl = ..\shaders\Bump_Advanced_TextureFX.sdsl
	EndProjectSection
EndProject
Global
	GlobalSection(SolutionConfigurationPlatforms) = preSolution
		Debug|Any CPU = Debug|Any CPU
		Release|Any CPU = Release|Any CPU
	EndGlobalSection
	GlobalSection(ProjectConfigurationPlatforms) = postSolution
		{A6E4858A-CDF7-4384-8FF3-3CFE59E8EEC4}.Debug|Any CPU.ActiveCfg = Debug|Any CPU
		{A6E4858A-CDF7-4384-8FF3-3CFE59E8EEC4}.Debug|Any CPU.Build.0 = Debug|Any CPU
		{A6E4858A-CDF7-4384-8FF3-3CFE59E8EEC4}.Release|Any CPU.ActiveCfg = Release|Any CPU
		{A6E4858A-CDF7-4384-8FF3-3CFE59E8EEC4}.Release|Any CPU.Build.0 = Release|Any CPU
	EndGlobalSection
	GlobalSection(SolutionProperties) = preSolution
		HideSolutionNode = FALSE
	EndGlobalSection
	GlobalSection(NestedProjects) = preSolution
		{5B49273C-3ED9-4AC2-BB84-BC1D1018B544} = {BC11F5CA-01ED-4DAB-A665-38F33D7EF70C}
		{2EE430B2-36A8-428F-8B82-A03D46FE71C1} = {BC11F5CA-01ED-4DAB-A665-38F33D7EF70C}
		{208FDE1D-9AED-49F0-A3E4-0D67313995A6} = {BC11F5CA-01ED-4DAB-A665-38F33D7EF70C}
		{C878CA96-1098-4FCE-9079-C28E30A88A3B} = {BC11F5CA-01ED-4DAB-A665-38F33D7EF70C}
		{AA066FA6-1627-477D-9C28-7B2C1107DD8E} = {BC11F5CA-01ED-4DAB-A665-38F33D7EF70C}
	EndGlobalSection
	GlobalSection(ExtensibilityGlobals) = postSolution
		SolutionGuid = {CF611081-98A6-431A-9E02-3B4EC9D6D856}
	EndGlobalSection
EndGlobal
