
Microsoft Visual Studio Solution File, Format Version 12.00
# Visual Studio Version 17
VisualStudioVersion = 17.2.32519.379
MinimumVisualStudioVersion = 10.0.40219.1
Project("{9A19103F-16F7-4668-BE54-9A1E7A4F7556}") = "Zip", "Zip\Zip.csproj", "{B5D7F61B-6BBC-4B95-8073-9DA3F22AA725}"
EndProject
Project("{FAE04EC0-301F-11D3-BF4B-00C04F79EFBC}") = "OrderedDictionary", "OrderedDictionary\OrderedDictionary.csproj", "{6C46F997-C1D5-4163-B7FB-5E63A1423B08}"
EndProject
Global
	GlobalSection(SolutionConfigurationPlatforms) = preSolution
		Debug|Any CPU = Debug|Any CPU
		Release|Any CPU = Release|Any CPU
	EndGlobalSection
	GlobalSection(ProjectConfigurationPlatforms) = postSolution
		{B5D7F61B-6BBC-4B95-8073-9DA3F22AA725}.Debug|Any CPU.ActiveCfg = Debug|Any CPU
		{B5D7F61B-6BBC-4B95-8073-9DA3F22AA725}.Debug|Any CPU.Build.0 = Debug|Any CPU
		{B5D7F61B-6BBC-4B95-8073-9DA3F22AA725}.Release|Any CPU.ActiveCfg = Release|Any CPU
		{B5D7F61B-6BBC-4B95-8073-9DA3F22AA725}.Release|Any CPU.Build.0 = Release|Any CPU
		{6C46F997-C1D5-4163-B7FB-5E63A1423B08}.Debug|Any CPU.ActiveCfg = Debug|Any CPU
		{6C46F997-C1D5-4163-B7FB-5E63A1423B08}.Debug|Any CPU.Build.0 = Debug|Any CPU
		{6C46F997-C1D5-4163-B7FB-5E63A1423B08}.Release|Any CPU.ActiveCfg = Release|Any CPU
		{6C46F997-C1D5-4163-B7FB-5E63A1423B08}.Release|Any CPU.Build.0 = Release|Any CPU
	EndGlobalSection
	GlobalSection(SolutionProperties) = preSolution
		HideSolutionNode = FALSE
	EndGlobalSection
	GlobalSection(ExtensibilityGlobals) = postSolution
		SolutionGuid = {C3B7AC2E-71C7-4ED7-A7C9-04A5AC0F0F42}
	EndGlobalSection
EndGlobal
